
Microsoft Visual Studio Solution File, Format Version 12.00
# Visual Studio Version 16
VisualStudioVersion = 16.0.30611.23
MinimumVisualStudioVersion = 10.0.40219.1
Project("{FAE04EC0-301F-11D3-BF4B-00C04F79EFBC}") = "S2Please", "S2Please\S2Please.csproj", "{58E36879-F9F2-4784-A960-3131F89BA5F6}"
EndProject
Project("{FAE04EC0-301F-11D3-BF4B-00C04F79EFBC}") = "SHOP.COMMON", "SHOP.COMMON\SHOP.COMMON.csproj", "{0E068FF4-8F4E-4ECB-BA6D-5107065F2F9A}"
EndProject
Project("{FAE04EC0-301F-11D3-BF4B-00C04F79EFBC}") = "Repository", "Repository\Repository.csproj", "{B27AF7FA-5338-4E64-A502-CDEF2C828F5A}"
EndProject
Global
	GlobalSection(SolutionConfigurationPlatforms) = preSolution
		Debug|Any CPU = Debug|Any CPU
		Release|Any CPU = Release|Any CPU
	EndGlobalSection
	GlobalSection(ProjectConfigurationPlatforms) = postSolution
		{58E36879-F9F2-4784-A960-3131F89BA5F6}.Debug|Any CPU.ActiveCfg = Debug|Any CPU
		{58E36879-F9F2-4784-A960-3131F89BA5F6}.Debug|Any CPU.Build.0 = Debug|Any CPU
		{58E36879-F9F2-4784-A960-3131F89BA5F6}.Release|Any CPU.ActiveCfg = Release|Any CPU
		{58E36879-F9F2-4784-A960-3131F89BA5F6}.Release|Any CPU.Build.0 = Release|Any CPU
		{0E068FF4-8F4E-4ECB-BA6D-5107065F2F9A}.Debug|Any CPU.ActiveCfg = Debug|Any CPU
		{0E068FF4-8F4E-4ECB-BA6D-5107065F2F9A}.Debug|Any CPU.Build.0 = Debug|Any CPU
		{0E068FF4-8F4E-4ECB-BA6D-5107065F2F9A}.Release|Any CPU.ActiveCfg = Release|Any CPU
		{0E068FF4-8F4E-4ECB-BA6D-5107065F2F9A}.Release|Any CPU.Build.0 = Release|Any CPU
		{B27AF7FA-5338-4E64-A502-CDEF2C828F5A}.Debug|Any CPU.ActiveCfg = Debug|Any CPU
		{B27AF7FA-5338-4E64-A502-CDEF2C828F5A}.Debug|Any CPU.Build.0 = Debug|Any CPU
		{B27AF7FA-5338-4E64-A502-CDEF2C828F5A}.Release|Any CPU.ActiveCfg = Release|Any CPU
		{B27AF7FA-5338-4E64-A502-CDEF2C828F5A}.Release|Any CPU.Build.0 = Release|Any CPU
	EndGlobalSection
	GlobalSection(SolutionProperties) = preSolution
		HideSolutionNode = FALSE
	EndGlobalSection
	GlobalSection(ExtensibilityGlobals) = postSolution
		SolutionGuid = {532A5EA0-EB1E-4F13-A74A-B0FAB96A6E2C}
	EndGlobalSection
EndGlobal
